
Microsoft Visual Studio Solution File, Format Version 11.00
# Visual Studio 2010
Project("{FAE04EC0-301F-11D3-BF4B-00C04F79EFBC}") = "Assembly-CSharp", "Assembly-CSharp.csproj", "{597CDB5B-5565-D74E-76C7-0E570D96905B}"
EndProject
Project("{FAE04EC0-301F-11D3-BF4B-00C04F79EFBC}") = "Unity.2D.PixelPerfect.Samples", "Unity.2D.PixelPerfect.Samples.csproj", "{41CD09F6-B6DE-C9A5-1AEF-1E48447163A2}"
EndProject
Project("{FAE04EC0-301F-11D3-BF4B-00C04F79EFBC}") = "Unity.2D.PixelPerfect.Samples.Editor", "Unity.2D.PixelPerfect.Samples.Editor.csproj", "{6A4DAB08-D9B0-691A-3093-2B819389DEBA}"
EndProject
Global
	GlobalSection(SolutionConfigurationPlatforms) = preSolution
		Debug|Any CPU = Debug|Any CPU
		Release|Any CPU = Release|Any CPU
	EndGlobalSection
	GlobalSection(ProjectConfigurationPlatforms) = postSolution
		{597CDB5B-5565-D74E-76C7-0E570D96905B}.Debug|Any CPU.ActiveCfg = Debug|Any CPU
		{597CDB5B-5565-D74E-76C7-0E570D96905B}.Debug|Any CPU.Build.0 = Debug|Any CPU
		{597CDB5B-5565-D74E-76C7-0E570D96905B}.Release|Any CPU.ActiveCfg = Release|Any CPU
		{597CDB5B-5565-D74E-76C7-0E570D96905B}.Release|Any CPU.Build.0 = Release|Any CPU
		{41CD09F6-B6DE-C9A5-1AEF-1E48447163A2}.Debug|Any CPU.ActiveCfg = Debug|Any CPU
		{41CD09F6-B6DE-C9A5-1AEF-1E48447163A2}.Debug|Any CPU.Build.0 = Debug|Any CPU
		{41CD09F6-B6DE-C9A5-1AEF-1E48447163A2}.Release|Any CPU.ActiveCfg = Release|Any CPU
		{41CD09F6-B6DE-C9A5-1AEF-1E48447163A2}.Release|Any CPU.Build.0 = Release|Any CPU
		{6A4DAB08-D9B0-691A-3093-2B819389DEBA}.Debug|Any CPU.ActiveCfg = Debug|Any CPU
		{6A4DAB08-D9B0-691A-3093-2B819389DEBA}.Debug|Any CPU.Build.0 = Debug|Any CPU
		{6A4DAB08-D9B0-691A-3093-2B819389DEBA}.Release|Any CPU.ActiveCfg = Release|Any CPU
		{6A4DAB08-D9B0-691A-3093-2B819389DEBA}.Release|Any CPU.Build.0 = Release|Any CPU
	EndGlobalSection
	GlobalSection(SolutionProperties) = preSolution
		HideSolutionNode = FALSE
	EndGlobalSection
EndGlobal
