
Microsoft Visual Studio Solution File, Format Version 11.00
# Visual Studio 2010
Project("{FAE04EC0-301F-11D3-BF4B-00C04F79EFBC}") = "Assembly-CSharp", "Assembly-CSharp.csproj", "{597CDB5B-5565-D74E-76C7-0E570D96905B}"
EndProject
Project("{FAE04EC0-301F-11D3-BF4B-00C04F79EFBC}") = "Unity.2D.Animation.Samples.Runtime", "Unity.2D.Animation.Samples.Runtime.csproj", "{87ED94C2-4B20-F132-260A-36461F20C79C}"
EndProject
Project("{FAE04EC0-301F-11D3-BF4B-00C04F79EFBC}") = "Unity.2D.Animation.Samples.Dependency", "Unity.2D.Animation.Samples.Dependency.csproj", "{FEA0A988-55DC-85BE-2F77-1049873D1C74}"
EndProject
Project("{FAE04EC0-301F-11D3-BF4B-00C04F79EFBC}") = "Unity.2D.Animation.Samples.Editor", "Unity.2D.Animation.Samples.Editor.csproj", "{D2D77D54-D7FB-8ADD-5E0A-C1A6BE4C0301}"
EndProject
Global
	GlobalSection(SolutionConfigurationPlatforms) = preSolution
		Debug|Any CPU = Debug|Any CPU
		Release|Any CPU = Release|Any CPU
	EndGlobalSection
	GlobalSection(ProjectConfigurationPlatforms) = postSolution
		{597CDB5B-5565-D74E-76C7-0E570D96905B}.Debug|Any CPU.ActiveCfg = Debug|Any CPU
		{597CDB5B-5565-D74E-76C7-0E570D96905B}.Debug|Any CPU.Build.0 = Debug|Any CPU
		{597CDB5B-5565-D74E-76C7-0E570D96905B}.Release|Any CPU.ActiveCfg = Release|Any CPU
		{597CDB5B-5565-D74E-76C7-0E570D96905B}.Release|Any CPU.Build.0 = Release|Any CPU
		{87ED94C2-4B20-F132-260A-36461F20C79C}.Debug|Any CPU.ActiveCfg = Debug|Any CPU
		{87ED94C2-4B20-F132-260A-36461F20C79C}.Debug|Any CPU.Build.0 = Debug|Any CPU
		{87ED94C2-4B20-F132-260A-36461F20C79C}.Release|Any CPU.ActiveCfg = Release|Any CPU
		{87ED94C2-4B20-F132-260A-36461F20C79C}.Release|Any CPU.Build.0 = Release|Any CPU
		{FEA0A988-55DC-85BE-2F77-1049873D1C74}.Debug|Any CPU.ActiveCfg = Debug|Any CPU
		{FEA0A988-55DC-85BE-2F77-1049873D1C74}.Debug|Any CPU.Build.0 = Debug|Any CPU
		{FEA0A988-55DC-85BE-2F77-1049873D1C74}.Release|Any CPU.ActiveCfg = Release|Any CPU
		{FEA0A988-55DC-85BE-2F77-1049873D1C74}.Release|Any CPU.Build.0 = Release|Any CPU
		{D2D77D54-D7FB-8ADD-5E0A-C1A6BE4C0301}.Debug|Any CPU.ActiveCfg = Debug|Any CPU
		{D2D77D54-D7FB-8ADD-5E0A-C1A6BE4C0301}.Debug|Any CPU.Build.0 = Debug|Any CPU
		{D2D77D54-D7FB-8ADD-5E0A-C1A6BE4C0301}.Release|Any CPU.ActiveCfg = Release|Any CPU
		{D2D77D54-D7FB-8ADD-5E0A-C1A6BE4C0301}.Release|Any CPU.Build.0 = Release|Any CPU
	EndGlobalSection
	GlobalSection(SolutionProperties) = preSolution
		HideSolutionNode = FALSE
	EndGlobalSection
EndGlobal
